
Microsoft Visual Studio Solution File, Format Version 12.00
# Visual Studio 14
VisualStudioVersion = 14.0.25420.1
MinimumVisualStudioVersion = 10.0.40219.1
Project("{FAE04EC0-301F-11D3-BF4B-00C04F79EFBC}") = "MediaUpload.Android", "MediaUpload\MediaUpload.Android\MediaUpload.Android.csproj", "{9EAF5107-869A-476A-AF68-3F100ABEB629}"
EndProject
Project("{FAE04EC0-301F-11D3-BF4B-00C04F79EFBC}") = "MediaUpload", "MediaUpload\MediaUpload\MediaUpload.csproj", "{626D238C-C6A1-455B-BF3D-E59834BDF566}"
EndProject
Project("{FAE04EC0-301F-11D3-BF4B-00C04F79EFBC}") = "MediaUpload.iOS", "MediaUpload\MediaUpload.iOS\MediaUpload.iOS.csproj", "{B8EFC6D6-E2EB-4517-AF5B-500C3DF2308A}"
EndProject
Global
	GlobalSection(SolutionConfigurationPlatforms) = preSolution
		Ad-Hoc|Any CPU = Ad-Hoc|Any CPU
		Ad-Hoc|ARM = Ad-Hoc|ARM
		Ad-Hoc|iPhone = Ad-Hoc|iPhone
		Ad-Hoc|iPhoneSimulator = Ad-Hoc|iPhoneSimulator
		Ad-Hoc|x64 = Ad-Hoc|x64
		Ad-Hoc|x86 = Ad-Hoc|x86
		AppStore|Any CPU = AppStore|Any CPU
		AppStore|ARM = AppStore|ARM
		AppStore|iPhone = AppStore|iPhone
		AppStore|iPhoneSimulator = AppStore|iPhoneSimulator
		AppStore|x64 = AppStore|x64
		AppStore|x86 = AppStore|x86
		Debug|Any CPU = Debug|Any CPU
		Debug|ARM = Debug|ARM
		Debug|iPhone = Debug|iPhone
		Debug|iPhoneSimulator = Debug|iPhoneSimulator
		Debug|x64 = Debug|x64
		Debug|x86 = Debug|x86
		Release|Any CPU = Release|Any CPU
		Release|ARM = Release|ARM
		Release|iPhone = Release|iPhone
		Release|iPhoneSimulator = Release|iPhoneSimulator
		Release|x64 = Release|x64
		Release|x86 = Release|x86
	EndGlobalSection
	GlobalSection(ProjectConfigurationPlatforms) = postSolution
		{9EAF5107-869A-476A-AF68-3F100ABEB629}.Ad-Hoc|Any CPU.ActiveCfg = Release|Any CPU
		{9EAF5107-869A-476A-AF68-3F100ABEB629}.Ad-Hoc|Any CPU.Build.0 = Release|Any CPU
		{9EAF5107-869A-476A-AF68-3F100ABEB629}.Ad-Hoc|Any CPU.Deploy.0 = Release|Any CPU
		{9EAF5107-869A-476A-AF68-3F100ABEB629}.Ad-Hoc|ARM.ActiveCfg = Release|Any CPU
		{9EAF5107-869A-476A-AF68-3F100ABEB629}.Ad-Hoc|ARM.Build.0 = Release|Any CPU
		{9EAF5107-869A-476A-AF68-3F100ABEB629}.Ad-Hoc|ARM.Deploy.0 = Release|Any CPU
		{9EAF5107-869A-476A-AF68-3F100ABEB629}.Ad-Hoc|iPhone.ActiveCfg = Release|Any CPU
		{9EAF5107-869A-476A-AF68-3F100ABEB629}.Ad-Hoc|iPhone.Build.0 = Release|Any CPU
		{9EAF5107-869A-476A-AF68-3F100ABEB629}.Ad-Hoc|iPhone.Deploy.0 = Release|Any CPU
		{9EAF5107-869A-476A-AF68-3F100ABEB629}.Ad-Hoc|iPhoneSimulator.ActiveCfg = Release|Any CPU
		{9EAF5107-869A-476A-AF68-3F100ABEB629}.Ad-Hoc|iPhoneSimulator.Build.0 = Release|Any CPU
		{9EAF5107-869A-476A-AF68-3F100ABEB629}.Ad-Hoc|iPhoneSimulator.Deploy.0 = Release|Any CPU
		{9EAF5107-869A-476A-AF68-3F100ABEB629}.Ad-Hoc|x64.ActiveCfg = Release|Any CPU
		{9EAF5107-869A-476A-AF68-3F100ABEB629}.Ad-Hoc|x64.Build.0 = Release|Any CPU
		{9EAF5107-869A-476A-AF68-3F100ABEB629}.Ad-Hoc|x64.Deploy.0 = Release|Any CPU
		{9EAF5107-869A-476A-AF68-3F100ABEB629}.Ad-Hoc|x86.ActiveCfg = Release|Any CPU
		{9EAF5107-869A-476A-AF68-3F100ABEB629}.Ad-Hoc|x86.Build.0 = Release|Any CPU
		{9EAF5107-869A-476A-AF68-3F100ABEB629}.Ad-Hoc|x86.Deploy.0 = Release|Any CPU
		{9EAF5107-869A-476A-AF68-3F100ABEB629}.AppStore|Any CPU.ActiveCfg = Release|Any CPU
		{9EAF5107-869A-476A-AF68-3F100ABEB629}.AppStore|Any CPU.Build.0 = Release|Any CPU
		{9EAF5107-869A-476A-AF68-3F100ABEB629}.AppStore|Any CPU.Deploy.0 = Release|Any CPU
		{9EAF5107-869A-476A-AF68-3F100ABEB629}.AppStore|ARM.ActiveCfg = Release|Any CPU
		{9EAF5107-869A-476A-AF68-3F100ABEB629}.AppStore|ARM.Build.0 = Release|Any CPU
		{9EAF5107-869A-476A-AF68-3F100ABEB629}.AppStore|ARM.Deploy.0 = Release|Any CPU
		{9EAF5107-869A-476A-AF68-3F100ABEB629}.AppStore|iPhone.ActiveCfg = Release|Any CPU
		{9EAF5107-869A-476A-AF68-3F100ABEB629}.AppStore|iPhone.Build.0 = Release|Any CPU
		{9EAF5107-869A-476A-AF68-3F100ABEB629}.AppStore|iPhone.Deploy.0 = Release|Any CPU
		{9EAF5107-869A-476A-AF68-3F100ABEB629}.AppStore|iPhoneSimulator.ActiveCfg = Release|Any CPU
		{9EAF5107-869A-476A-AF68-3F100ABEB629}.AppStore|iPhoneSimulator.Build.0 = Release|Any CPU
		{9EAF5107-869A-476A-AF68-3F100ABEB629}.AppStore|iPhoneSimulator.Deploy.0 = Release|Any CPU
		{9EAF5107-869A-476A-AF68-3F100ABEB629}.AppStore|x64.ActiveCfg = Release|Any CPU
		{9EAF5107-869A-476A-AF68-3F100ABEB629}.AppStore|x64.Build.0 = Release|Any CPU
		{9EAF5107-869A-476A-AF68-3F100ABEB629}.AppStore|x64.Deploy.0 = Release|Any CPU
		{9EAF5107-869A-476A-AF68-3F100ABEB629}.AppStore|x86.ActiveCfg = Release|Any CPU
		{9EAF5107-869A-476A-AF68-3F100ABEB629}.AppStore|x86.Build.0 = Release|Any CPU
		{9EAF5107-869A-476A-AF68-3F100ABEB629}.AppStore|x86.Deploy.0 = Release|Any CPU
		{9EAF5107-869A-476A-AF68-3F100ABEB629}.Debug|Any CPU.ActiveCfg = Debug|Any CPU
		{9EAF5107-869A-476A-AF68-3F100ABEB629}.Debug|Any CPU.Build.0 = Debug|Any CPU
		{9EAF5107-869A-476A-AF68-3F100ABEB629}.Debug|Any CPU.Deploy.0 = Debug|Any CPU
		{9EAF5107-869A-476A-AF68-3F100ABEB629}.Debug|ARM.ActiveCfg = Debug|Any CPU
		{9EAF5107-869A-476A-AF68-3F100ABEB629}.Debug|ARM.Build.0 = Debug|Any CPU
		{9EAF5107-869A-476A-AF68-3F100ABEB629}.Debug|ARM.Deploy.0 = Debug|Any CPU
		{9EAF5107-869A-476A-AF68-3F100ABEB629}.Debug|iPhone.ActiveCfg = Debug|Any CPU
		{9EAF5107-869A-476A-AF68-3F100ABEB629}.Debug|iPhone.Build.0 = Debug|Any CPU
		{9EAF5107-869A-476A-AF68-3F100ABEB629}.Debug|iPhone.Deploy.0 = Debug|Any CPU
		{9EAF5107-869A-476A-AF68-3F100ABEB629}.Debug|iPhoneSimulator.ActiveCfg = Debug|Any CPU
		{9EAF5107-869A-476A-AF68-3F100ABEB629}.Debug|iPhoneSimulator.Build.0 = Debug|Any CPU
		{9EAF5107-869A-476A-AF68-3F100ABEB629}.Debug|iPhoneSimulator.Deploy.0 = Debug|Any CPU
		{9EAF5107-869A-476A-AF68-3F100ABEB629}.Debug|x64.ActiveCfg = Debug|Any CPU
		{9EAF5107-869A-476A-AF68-3F100ABEB629}.Debug|x64.Build.0 = Debug|Any CPU
		{9EAF5107-869A-476A-AF68-3F100ABEB629}.Debug|x64.Deploy.0 = Debug|Any CPU
		{9EAF5107-869A-476A-AF68-3F100ABEB629}.Debug|x86.ActiveCfg = Debug|Any CPU
		{9EAF5107-869A-476A-AF68-3F100ABEB629}.Debug|x86.Build.0 = Debug|Any CPU
		{9EAF5107-869A-476A-AF68-3F100ABEB629}.Debug|x86.Deploy.0 = Debug|Any CPU
		{9EAF5107-869A-476A-AF68-3F100ABEB629}.Release|Any CPU.ActiveCfg = Release|Any CPU
		{9EAF5107-869A-476A-AF68-3F100ABEB629}.Release|Any CPU.Build.0 = Release|Any CPU
		{9EAF5107-869A-476A-AF68-3F100ABEB629}.Release|Any CPU.Deploy.0 = Release|Any CPU
		{9EAF5107-869A-476A-AF68-3F100ABEB629}.Release|ARM.ActiveCfg = Release|Any CPU
		{9EAF5107-869A-476A-AF68-3F100ABEB629}.Release|ARM.Build.0 = Release|Any CPU
		{9EAF5107-869A-476A-AF68-3F100ABEB629}.Release|ARM.Deploy.0 = Release|Any CPU
		{9EAF5107-869A-476A-AF68-3F100ABEB629}.Release|iPhone.ActiveCfg = Release|Any CPU
		{9EAF5107-869A-476A-AF68-3F100ABEB629}.Release|iPhone.Build.0 = Release|Any CPU
		{9EAF5107-869A-476A-AF68-3F100ABEB629}.Release|iPhone.Deploy.0 = Release|Any CPU
		{9EAF5107-869A-476A-AF68-3F100ABEB629}.Release|iPhoneSimulator.ActiveCfg = Release|Any CPU
		{9EAF5107-869A-476A-AF68-3F100ABEB629}.Release|iPhoneSimulator.Build.0 = Release|Any CPU
		{9EAF5107-869A-476A-AF68-3F100ABEB629}.Release|iPhoneSimulator.Deploy.0 = Release|Any CPU
		{9EAF5107-869A-476A-AF68-3F100ABEB629}.Release|x64.ActiveCfg = Release|Any CPU
		{9EAF5107-869A-476A-AF68-3F100ABEB629}.Release|x64.Build.0 = Release|Any CPU
		{9EAF5107-869A-476A-AF68-3F100ABEB629}.Release|x64.Deploy.0 = Release|Any CPU
		{9EAF5107-869A-476A-AF68-3F100ABEB629}.Release|x86.ActiveCfg = Release|Any CPU
		{9EAF5107-869A-476A-AF68-3F100ABEB629}.Release|x86.Build.0 = Release|Any CPU
		{9EAF5107-869A-476A-AF68-3F100ABEB629}.Release|x86.Deploy.0 = Release|Any CPU
		{626D238C-C6A1-455B-BF3D-E59834BDF566}.Ad-Hoc|Any CPU.ActiveCfg = Release|Any CPU
		{626D238C-C6A1-455B-BF3D-E59834BDF566}.Ad-Hoc|Any CPU.Build.0 = Release|Any CPU
		{626D238C-C6A1-455B-BF3D-E59834BDF566}.Ad-Hoc|Any CPU.Deploy.0 = Release|Any CPU
		{626D238C-C6A1-455B-BF3D-E59834BDF566}.Ad-Hoc|ARM.ActiveCfg = Release|Any CPU
		{626D238C-C6A1-455B-BF3D-E59834BDF566}.Ad-Hoc|ARM.Build.0 = Release|Any CPU
		{626D238C-C6A1-455B-BF3D-E59834BDF566}.Ad-Hoc|ARM.Deploy.0 = Release|Any CPU
		{626D238C-C6A1-455B-BF3D-E59834BDF566}.Ad-Hoc|iPhone.ActiveCfg = Release|Any CPU
		{626D238C-C6A1-455B-BF3D-E59834BDF566}.Ad-Hoc|iPhone.Build.0 = Release|Any CPU
		{626D238C-C6A1-455B-BF3D-E59834BDF566}.Ad-Hoc|iPhone.Deploy.0 = Release|Any CPU
		{626D238C-C6A1-455B-BF3D-E59834BDF566}.Ad-Hoc|iPhoneSimulator.ActiveCfg = Release|Any CPU
		{626D238C-C6A1-455B-BF3D-E59834BDF566}.Ad-Hoc|iPhoneSimulator.Build.0 = Release|Any CPU
		{626D238C-C6A1-455B-BF3D-E59834BDF566}.Ad-Hoc|iPhoneSimulator.Deploy.0 = Release|Any CPU
		{626D238C-C6A1-455B-BF3D-E59834BDF566}.Ad-Hoc|x64.ActiveCfg = Release|Any CPU
		{626D238C-C6A1-455B-BF3D-E59834BDF566}.Ad-Hoc|x64.Build.0 = Release|Any CPU
		{626D238C-C6A1-455B-BF3D-E59834BDF566}.Ad-Hoc|x64.Deploy.0 = Release|Any CPU
		{626D238C-C6A1-455B-BF3D-E59834BDF566}.Ad-Hoc|x86.ActiveCfg = Release|Any CPU
		{626D238C-C6A1-455B-BF3D-E59834BDF566}.Ad-Hoc|x86.Build.0 = Release|Any CPU
		{626D238C-C6A1-455B-BF3D-E59834BDF566}.Ad-Hoc|x86.Deploy.0 = Release|Any CPU
		{626D238C-C6A1-455B-BF3D-E59834BDF566}.AppStore|Any CPU.ActiveCfg = Release|Any CPU
		{626D238C-C6A1-455B-BF3D-E59834BDF566}.AppStore|Any CPU.Build.0 = Release|Any CPU
		{626D238C-C6A1-455B-BF3D-E59834BDF566}.AppStore|Any CPU.Deploy.0 = Release|Any CPU
		{626D238C-C6A1-455B-BF3D-E59834BDF566}.AppStore|ARM.ActiveCfg = Release|Any CPU
		{626D238C-C6A1-455B-BF3D-E59834BDF566}.AppStore|ARM.Build.0 = Release|Any CPU
		{626D238C-C6A1-455B-BF3D-E59834BDF566}.AppStore|ARM.Deploy.0 = Release|Any CPU
		{626D238C-C6A1-455B-BF3D-E59834BDF566}.AppStore|iPhone.ActiveCfg = Release|Any CPU
		{626D238C-C6A1-455B-BF3D-E59834BDF566}.AppStore|iPhone.Build.0 = Release|Any CPU
		{626D238C-C6A1-455B-BF3D-E59834BDF566}.AppStore|iPhone.Deploy.0 = Release|Any CPU
		{626D238C-C6A1-455B-BF3D-E59834BDF566}.AppStore|iPhoneSimulator.ActiveCfg = Release|Any CPU
		{626D238C-C6A1-455B-BF3D-E59834BDF566}.AppStore|iPhoneSimulator.Build.0 = Release|Any CPU
		{626D238C-C6A1-455B-BF3D-E59834BDF566}.AppStore|iPhoneSimulator.Deploy.0 = Release|Any CPU
		{626D238C-C6A1-455B-BF3D-E59834BDF566}.AppStore|x64.ActiveCfg = Release|Any CPU
		{626D238C-C6A1-455B-BF3D-E59834BDF566}.AppStore|x64.Build.0 = Release|Any CPU
		{626D238C-C6A1-455B-BF3D-E59834BDF566}.AppStore|x64.Deploy.0 = Release|Any CPU
		{626D238C-C6A1-455B-BF3D-E59834BDF566}.AppStore|x86.ActiveCfg = Release|Any CPU
		{626D238C-C6A1-455B-BF3D-E59834BDF566}.AppStore|x86.Build.0 = Release|Any CPU
		{626D238C-C6A1-455B-BF3D-E59834BDF566}.AppStore|x86.Deploy.0 = Release|Any CPU
		{626D238C-C6A1-455B-BF3D-E59834BDF566}.Debug|Any CPU.ActiveCfg = Debug|Any CPU
		{626D238C-C6A1-455B-BF3D-E59834BDF566}.Debug|Any CPU.Build.0 = Debug|Any CPU
		{626D238C-C6A1-455B-BF3D-E59834BDF566}.Debug|Any CPU.Deploy.0 = Debug|Any CPU
		{626D238C-C6A1-455B-BF3D-E59834BDF566}.Debug|ARM.ActiveCfg = Debug|Any CPU
		{626D238C-C6A1-455B-BF3D-E59834BDF566}.Debug|ARM.Build.0 = Debug|Any CPU
		{626D238C-C6A1-455B-BF3D-E59834BDF566}.Debug|ARM.Deploy.0 = Debug|Any CPU
		{626D238C-C6A1-455B-BF3D-E59834BDF566}.Debug|iPhone.ActiveCfg = Debug|Any CPU
		{626D238C-C6A1-455B-BF3D-E59834BDF566}.Debug|iPhone.Build.0 = Debug|Any CPU
		{626D238C-C6A1-455B-BF3D-E59834BDF566}.Debug|iPhone.Deploy.0 = Debug|Any CPU
		{626D238C-C6A1-455B-BF3D-E59834BDF566}.Debug|iPhoneSimulator.ActiveCfg = Debug|Any CPU
		{626D238C-C6A1-455B-BF3D-E59834BDF566}.Debug|iPhoneSimulator.Build.0 = Debug|Any CPU
		{626D238C-C6A1-455B-BF3D-E59834BDF566}.Debug|iPhoneSimulator.Deploy.0 = Debug|Any CPU
		{626D238C-C6A1-455B-BF3D-E59834BDF566}.Debug|x64.ActiveCfg = Debug|Any CPU
		{626D238C-C6A1-455B-BF3D-E59834BDF566}.Debug|x64.Build.0 = Debug|Any CPU
		{626D238C-C6A1-455B-BF3D-E59834BDF566}.Debug|x64.Deploy.0 = Debug|Any CPU
		{626D238C-C6A1-455B-BF3D-E59834BDF566}.Debug|x86.ActiveCfg = Debug|Any CPU
		{626D238C-C6A1-455B-BF3D-E59834BDF566}.Debug|x86.Build.0 = Debug|Any CPU
		{626D238C-C6A1-455B-BF3D-E59834BDF566}.Debug|x86.Deploy.0 = Debug|Any CPU
		{626D238C-C6A1-455B-BF3D-E59834BDF566}.Release|Any CPU.ActiveCfg = Release|Any CPU
		{626D238C-C6A1-455B-BF3D-E59834BDF566}.Release|Any CPU.Build.0 = Release|Any CPU
		{626D238C-C6A1-455B-BF3D-E59834BDF566}.Release|Any CPU.Deploy.0 = Release|Any CPU
		{626D238C-C6A1-455B-BF3D-E59834BDF566}.Release|ARM.ActiveCfg = Release|Any CPU
		{626D238C-C6A1-455B-BF3D-E59834BDF566}.Release|ARM.Build.0 = Release|Any CPU
		{626D238C-C6A1-455B-BF3D-E59834BDF566}.Release|ARM.Deploy.0 = Release|Any CPU
		{626D238C-C6A1-455B-BF3D-E59834BDF566}.Release|iPhone.ActiveCfg = Release|Any CPU
		{626D238C-C6A1-455B-BF3D-E59834BDF566}.Release|iPhone.Build.0 = Release|Any CPU
		{626D238C-C6A1-455B-BF3D-E59834BDF566}.Release|iPhone.Deploy.0 = Release|Any CPU
		{626D238C-C6A1-455B-BF3D-E59834BDF566}.Release|iPhoneSimulator.ActiveCfg = Release|Any CPU
		{626D238C-C6A1-455B-BF3D-E59834BDF566}.Release|iPhoneSimulator.Build.0 = Release|Any CPU
		{626D238C-C6A1-455B-BF3D-E59834BDF566}.Release|iPhoneSimulator.Deploy.0 = Release|Any CPU
		{626D238C-C6A1-455B-BF3D-E59834BDF566}.Release|x64.ActiveCfg = Release|Any CPU
		{626D238C-C6A1-455B-BF3D-E59834BDF566}.Release|x64.Build.0 = Release|Any CPU
		{626D238C-C6A1-455B-BF3D-E59834BDF566}.Release|x64.Deploy.0 = Release|Any CPU
		{626D238C-C6A1-455B-BF3D-E59834BDF566}.Release|x86.ActiveCfg = Release|Any CPU
		{626D238C-C6A1-455B-BF3D-E59834BDF566}.Release|x86.Build.0 = Release|Any CPU
		{626D238C-C6A1-455B-BF3D-E59834BDF566}.Release|x86.Deploy.0 = Release|Any CPU
		{B8EFC6D6-E2EB-4517-AF5B-500C3DF2308A}.Ad-Hoc|Any CPU.ActiveCfg = Ad-Hoc|iPhone
		{B8EFC6D6-E2EB-4517-AF5B-500C3DF2308A}.Ad-Hoc|Any CPU.Build.0 = Ad-Hoc|iPhone
		{B8EFC6D6-E2EB-4517-AF5B-500C3DF2308A}.Ad-Hoc|Any CPU.Deploy.0 = Ad-Hoc|iPhone
		{B8EFC6D6-E2EB-4517-AF5B-500C3DF2308A}.Ad-Hoc|ARM.ActiveCfg = Ad-Hoc|iPhone
		{B8EFC6D6-E2EB-4517-AF5B-500C3DF2308A}.Ad-Hoc|ARM.Build.0 = Ad-Hoc|iPhone
		{B8EFC6D6-E2EB-4517-AF5B-500C3DF2308A}.Ad-Hoc|ARM.Deploy.0 = Ad-Hoc|iPhone
		{B8EFC6D6-E2EB-4517-AF5B-500C3DF2308A}.Ad-Hoc|iPhone.ActiveCfg = Ad-Hoc|iPhone
		{B8EFC6D6-E2EB-4517-AF5B-500C3DF2308A}.Ad-Hoc|iPhone.Build.0 = Ad-Hoc|iPhone
		{B8EFC6D6-E2EB-4517-AF5B-500C3DF2308A}.Ad-Hoc|iPhone.Deploy.0 = Ad-Hoc|iPhone
		{B8EFC6D6-E2EB-4517-AF5B-500C3DF2308A}.Ad-Hoc|iPhoneSimulator.ActiveCfg = Ad-Hoc|iPhoneSimulator
		{B8EFC6D6-E2EB-4517-AF5B-500C3DF2308A}.Ad-Hoc|iPhoneSimulator.Build.0 = Ad-Hoc|iPhoneSimulator
		{B8EFC6D6-E2EB-4517-AF5B-500C3DF2308A}.Ad-Hoc|iPhoneSimulator.Deploy.0 = Ad-Hoc|iPhoneSimulator
		{B8EFC6D6-E2EB-4517-AF5B-500C3DF2308A}.Ad-Hoc|x64.ActiveCfg = Ad-Hoc|iPhone
		{B8EFC6D6-E2EB-4517-AF5B-500C3DF2308A}.Ad-Hoc|x64.Build.0 = Ad-Hoc|iPhone
		{B8EFC6D6-E2EB-4517-AF5B-500C3DF2308A}.Ad-Hoc|x64.Deploy.0 = Ad-Hoc|iPhone
		{B8EFC6D6-E2EB-4517-AF5B-500C3DF2308A}.Ad-Hoc|x86.ActiveCfg = Ad-Hoc|iPhone
		{B8EFC6D6-E2EB-4517-AF5B-500C3DF2308A}.Ad-Hoc|x86.Build.0 = Ad-Hoc|iPhone
		{B8EFC6D6-E2EB-4517-AF5B-500C3DF2308A}.Ad-Hoc|x86.Deploy.0 = Ad-Hoc|iPhone
		{B8EFC6D6-E2EB-4517-AF5B-500C3DF2308A}.AppStore|Any CPU.ActiveCfg = AppStore|iPhone
		{B8EFC6D6-E2EB-4517-AF5B-500C3DF2308A}.AppStore|Any CPU.Build.0 = AppStore|iPhone
		{B8EFC6D6-E2EB-4517-AF5B-500C3DF2308A}.AppStore|Any CPU.Deploy.0 = AppStore|iPhone
		{B8EFC6D6-E2EB-4517-AF5B-500C3DF2308A}.AppStore|ARM.ActiveCfg = AppStore|iPhone
		{B8EFC6D6-E2EB-4517-AF5B-500C3DF2308A}.AppStore|ARM.Build.0 = AppStore|iPhone
		{B8EFC6D6-E2EB-4517-AF5B-500C3DF2308A}.AppStore|ARM.Deploy.0 = AppStore|iPhone
		{B8EFC6D6-E2EB-4517-AF5B-500C3DF2308A}.AppStore|iPhone.ActiveCfg = AppStore|iPhone
		{B8EFC6D6-E2EB-4517-AF5B-500C3DF2308A}.AppStore|iPhone.Build.0 = AppStore|iPhone
		{B8EFC6D6-E2EB-4517-AF5B-500C3DF2308A}.AppStore|iPhone.Deploy.0 = AppStore|iPhone
		{B8EFC6D6-E2EB-4517-AF5B-500C3DF2308A}.AppStore|iPhoneSimulator.ActiveCfg = AppStore|iPhoneSimulator
		{B8EFC6D6-E2EB-4517-AF5B-500C3DF2308A}.AppStore|iPhoneSimulator.Build.0 = AppStore|iPhoneSimulator
		{B8EFC6D6-E2EB-4517-AF5B-500C3DF2308A}.AppStore|iPhoneSimulator.Deploy.0 = AppStore|iPhoneSimulator
		{B8EFC6D6-E2EB-4517-AF5B-500C3DF2308A}.AppStore|x64.ActiveCfg = AppStore|iPhone
		{B8EFC6D6-E2EB-4517-AF5B-500C3DF2308A}.AppStore|x64.Build.0 = AppStore|iPhone
		{B8EFC6D6-E2EB-4517-AF5B-500C3DF2308A}.AppStore|x64.Deploy.0 = AppStore|iPhone
		{B8EFC6D6-E2EB-4517-AF5B-500C3DF2308A}.AppStore|x86.ActiveCfg = AppStore|iPhone
		{B8EFC6D6-E2EB-4517-AF5B-500C3DF2308A}.AppStore|x86.Build.0 = AppStore|iPhone
		{B8EFC6D6-E2EB-4517-AF5B-500C3DF2308A}.AppStore|x86.Deploy.0 = AppStore|iPhone
		{B8EFC6D6-E2EB-4517-AF5B-500C3DF2308A}.Debug|Any CPU.ActiveCfg = Debug|iPhoneSimulator
		{B8EFC6D6-E2EB-4517-AF5B-500C3DF2308A}.Debug|Any CPU.Build.0 = Debug|iPhoneSimulator
		{B8EFC6D6-E2EB-4517-AF5B-500C3DF2308A}.Debug|Any CPU.Deploy.0 = Debug|iPhoneSimulator
		{B8EFC6D6-E2EB-4517-AF5B-500C3DF2308A}.Debug|ARM.ActiveCfg = Debug|iPhone
		{B8EFC6D6-E2EB-4517-AF5B-500C3DF2308A}.Debug|ARM.Build.0 = Debug|iPhone
		{B8EFC6D6-E2EB-4517-AF5B-500C3DF2308A}.Debug|ARM.Deploy.0 = Debug|iPhone
		{B8EFC6D6-E2EB-4517-AF5B-500C3DF2308A}.Debug|iPhone.ActiveCfg = Debug|iPhone
		{B8EFC6D6-E2EB-4517-AF5B-500C3DF2308A}.Debug|iPhone.Build.0 = Debug|iPhone
		{B8EFC6D6-E2EB-4517-AF5B-500C3DF2308A}.Debug|iPhone.Deploy.0 = Debug|iPhone
		{B8EFC6D6-E2EB-4517-AF5B-500C3DF2308A}.Debug|iPhoneSimulator.ActiveCfg = Debug|iPhoneSimulator
		{B8EFC6D6-E2EB-4517-AF5B-500C3DF2308A}.Debug|iPhoneSimulator.Build.0 = Debug|iPhoneSimulator
		{B8EFC6D6-E2EB-4517-AF5B-500C3DF2308A}.Debug|iPhoneSimulator.Deploy.0 = Debug|iPhoneSimulator
		{B8EFC6D6-E2EB-4517-AF5B-500C3DF2308A}.Debug|x64.ActiveCfg = Debug|iPhone
		{B8EFC6D6-E2EB-4517-AF5B-500C3DF2308A}.Debug|x64.Build.0 = Debug|iPhone
		{B8EFC6D6-E2EB-4517-AF5B-500C3DF2308A}.Debug|x64.Deploy.0 = Debug|iPhone
		{B8EFC6D6-E2EB-4517-AF5B-500C3DF2308A}.Debug|x86.ActiveCfg = Debug|iPhone
		{B8EFC6D6-E2EB-4517-AF5B-500C3DF2308A}.Debug|x86.Build.0 = Debug|iPhone
		{B8EFC6D6-E2EB-4517-AF5B-500C3DF2308A}.Debug|x86.Deploy.0 = Debug|iPhone
		{B8EFC6D6-E2EB-4517-AF5B-500C3DF2308A}.Release|Any CPU.ActiveCfg = Release|iPhone
		{B8EFC6D6-E2EB-4517-AF5B-500C3DF2308A}.Release|Any CPU.Build.0 = Release|iPhone
		{B8EFC6D6-E2EB-4517-AF5B-500C3DF2308A}.Release|Any CPU.Deploy.0 = Release|iPhone
		{B8EFC6D6-E2EB-4517-AF5B-500C3DF2308A}.Release|ARM.ActiveCfg = Release|iPhone
		{B8EFC6D6-E2EB-4517-AF5B-500C3DF2308A}.Release|ARM.Build.0 = Release|iPhone
		{B8EFC6D6-E2EB-4517-AF5B-500C3DF2308A}.Release|ARM.Deploy.0 = Release|iPhone
		{B8EFC6D6-E2EB-4517-AF5B-500C3DF2308A}.Release|iPhone.ActiveCfg = Release|iPhone
		{B8EFC6D6-E2EB-4517-AF5B-500C3DF2308A}.Release|iPhone.Build.0 = Release|iPhone
		{B8EFC6D6-E2EB-4517-AF5B-500C3DF2308A}.Release|iPhone.Deploy.0 = Release|iPhone
		{B8EFC6D6-E2EB-4517-AF5B-500C3DF2308A}.Release|iPhoneSimulator.ActiveCfg = Release|iPhoneSimulator
		{B8EFC6D6-E2EB-4517-AF5B-500C3DF2308A}.Release|iPhoneSimulator.Build.0 = Release|iPhoneSimulator
		{B8EFC6D6-E2EB-4517-AF5B-500C3DF2308A}.Release|iPhoneSimulator.Deploy.0 = Release|iPhoneSimulator
		{B8EFC6D6-E2EB-4517-AF5B-500C3DF2308A}.Release|x64.ActiveCfg = Release|iPhone
		{B8EFC6D6-E2EB-4517-AF5B-500C3DF2308A}.Release|x64.Build.0 = Release|iPhone
		{B8EFC6D6-E2EB-4517-AF5B-500C3DF2308A}.Release|x64.Deploy.0 = Release|iPhone
		{B8EFC6D6-E2EB-4517-AF5B-500C3DF2308A}.Release|x86.ActiveCfg = Release|iPhone
		{B8EFC6D6-E2EB-4517-AF5B-500C3DF2308A}.Release|x86.Build.0 = Release|iPhone
		{B8EFC6D6-E2EB-4517-AF5B-500C3DF2308A}.Release|x86.Deploy.0 = Release|iPhone
	EndGlobalSection
	GlobalSection(SolutionProperties) = preSolution
		HideSolutionNode = FALSE
	EndGlobalSection
EndGlobal
